PODS:
  - FlutterMacOS (1.0.0)
  - system_screenshot (0.0.1):
    - FlutterMacOS

DEPENDENCIES:
  - FlutterMacOS (from `Flutter/ephemeral`)
  - system_screenshot (from `Flutter/ephemeral/.symlinks/plugins/system_screenshot/macos`)

EXTERNAL SOURCES:
  FlutterMacOS:
    :path: Flutter/ephemeral
  system_screenshot:
    :path: Flutter/ephemeral/.symlinks/plugins/system_screenshot/macos

SPEC CHECKSUMS:
  FlutterMacOS: 57701585bf7de1b3fc2bb61f6378d73bbdea8424
  system_screenshot: 1b8f3672ec402fca7924dc0a42bf70d565eb095b

PODFILE CHECKSUM: 6eac6b3292e5142cfc23bdeb71848a40ec51c14c

COCOAPODS: 1.11.3
